// !$*UTF8*$!
{
	archiveVersion = 1;
	classes = {
	};
	objectVersion = 50;
	objects = {

/* Begin PBXBuildFile section */
		EAA9FE862375BBB700ABA8AE /* AppDelegate.swift in Sources */ = {isa = PBXBuildFile; fileRef = EAA9FE852375BBB700ABA8AE /* AppDelegate.swift */; };
		EAA9FE882375BBB700ABA8AE /* ViewController.swift in Sources */ = {isa = PBXBuildFile; fileRef = EAA9FE872375BBB700ABA8AE /* ViewController.swift */; };
		EAA9FE8B2375BBB700ABA8AE /* Main.storyboard in Resources */ = {isa = PBXBuildFile; fileRef = EAA9FE892375BBB700ABA8AE /* Main.storyboard */; };
		EAA9FE902375BBB900ABA8AE /* LaunchScreen.storyboard in Resources */ = {isa = PBXBuildFile; fileRef = EAA9FE8E2375BBB900ABA8AE /* LaunchScreen.storyboard */; };
		EAA9FE992375C82700ABA8AE /* Networks.swift in Sources */ = {isa = PBXBuildFile; fileRef = EAA9FE982375C82700ABA8AE /* Networks.swift */; };
		EADA82172375E42F0028093B /* Network.swift in Sources */ = {isa = PBXBuildFile; fileRef = EADA82162375E42F0028093B /* Network.swift */; };
		EAF806DC2375F3B700BE4507 /* Artwork.swift in Sources */ = {isa = PBXBuildFile; fileRef = EAF806DB2375F3B700BE4507 /* Artwork.swift */; };
		EAF806DF2376028600BE4507 /* getData.swift in Sources */ = {isa = PBXBuildFile; fileRef = EAF806DE2376028600BE4507 /* getData.swift */; };
		EAF806E223761EC800BE4507 /* GoButton.png in Resources */ = {isa = PBXBuildFile; fileRef = EAF806E123761EC800BE4507 /* GoButton.png */; };
/* End PBXBuildFile section */

/* Begin PBXFileReference section */
		EAA9FE822375BBB700ABA8AE /* Bike Buddy.app */ = {isa = PBXFileReference; explicitFileType = wrapper.application; includeInIndex = 0; path = "Bike Buddy.app"; sourceTree = BUILT_PRODUCTS_DIR; };
		EAA9FE852375BBB700ABA8AE /* AppDelegate.swift */ = {isa = PBXFileReference; lastKnownFileType = sourcecode.swift; path = AppDelegate.swift; sourceTree = "<group>"; };
		EAA9FE872375BBB700ABA8AE /* ViewController.swift */ = {isa = PBXFileReference; lastKnownFileType = sourcecode.swift; path = ViewController.swift; sourceTree = "<group>"; };
		EAA9FE8A2375BBB700ABA8AE /* Base */ = {isa = PBXFileReference; lastKnownFileType = file.storyboard; name = Base; path = Base.lproj/Main.storyboard; sourceTree = "<group>"; };
		EAA9FE8F2375BBB900ABA8AE /* Base */ = {isa = PBXFileReference; lastKnownFileType = file.storyboard; name = Base; path = Base.lproj/LaunchScreen.storyboard; sourceTree = "<group>"; };
		EAA9FE912375BBB900ABA8AE /* Info.plist */ = {isa = PBXFileReference; lastKnownFileType = text.plist.xml; path = Info.plist; sourceTree = "<group>"; };
		EAA9FE982375C82700ABA8AE /* Networks.swift */ = {isa = PBXFileReference; lastKnownFileType = sourcecode.swift; path = Networks.swift; sourceTree = "<group>"; };
		EADA82162375E42F0028093B /* Network.swift */ = {isa = PBXFileReference; lastKnownFileType = sourcecode.swift; path = Network.swift; sourceTree = "<group>"; };
		EAF806DB2375F3B700BE4507 /* Artwork.swift */ = {isa = PBXFileReference; lastKnownFileType = sourcecode.swift; path = Artwork.swift; sourceTree = "<group>"; };
		EAF806DE2376028600BE4507 /* getData.swift */ = {isa = PBXFileReference; lastKnownFileType = sourcecode.swift; path = getData.swift; sourceTree = "<group>"; };
		EAF806E123761EC800BE4507 /* GoButton.png */ = {isa = PBXFileReference; lastKnownFileType = image.png; path = GoButton.png; sourceTree = "<group>"; };
/* End PBXFileReference section */

/* Begin PBXFrameworksBuildPhase section */
		EAA9FE7F2375BBB700ABA8AE /* Frameworks */ = {
			isa = PBXFrameworksBuildPhase;
			buildActionMask = 2147483647;
			files = (
			);
			runOnlyForDeploymentPostprocessing = 0;
		};
/* End PBXFrameworksBuildPhase section */

/* Begin PBXGroup section */
		EAA9FE792375BBB700ABA8AE = {
			isa = PBXGroup;
			children = (
				EAA9FE842375BBB700ABA8AE /* Bike Buddy */,
				EAF806E023761EB500BE4507 /* Images */,
				EAA9FE832375BBB700ABA8AE /* Products */,
			);
			sourceTree = "<group>";
		};
		EAA9FE832375BBB700ABA8AE /* Products */ = {
			isa = PBXGroup;
			children = (
				EAA9FE822375BBB700ABA8AE /* Bike Buddy.app */,
			);
			name = Products;
			sourceTree = "<group>";
		};
		EAA9FE842375BBB700ABA8AE /* Bike Buddy */ = {
			isa = PBXGroup;
			children = (
				EAF806DD2376027A00BE4507 /* Model */,
				EAA9FE972375C81200ABA8AE /* Objects */,
				EAA9FE852375BBB700ABA8AE /* AppDelegate.swift */,
				EAA9FE872375BBB700ABA8AE /* ViewController.swift */,
				EAA9FE892375BBB700ABA8AE /* Main.storyboard */,
				EAA9FE8E2375BBB900ABA8AE /* LaunchScreen.storyboard */,
				EAA9FE912375BBB900ABA8AE /* Info.plist */,
				EAF806DB2375F3B700BE4507 /* Artwork.swift */,
			);
			path = "Bike Buddy";
			sourceTree = "<group>";
		};
		EAA9FE972375C81200ABA8AE /* Objects */ = {
			isa = PBXGroup;
			children = (
				EAA9FE982375C82700ABA8AE /* Networks.swift */,
				EADA82162375E42F0028093B /* Network.swift */,
			);
			path = Objects;
			sourceTree = "<group>";
		};
		EAF806DD2376027A00BE4507 /* Model */ = {
			isa = PBXGroup;
			children = (
				EAF806DE2376028600BE4507 /* getData.swift */,
			);
			path = Model;
			sourceTree = "<group>";
		};
		EAF806E023761EB500BE4507 /* Images */ = {
			isa = PBXGroup;
			children = (
				EAF806E123761EC800BE4507 /* GoButton.png */,
			);
			path = Images;
			sourceTree = "<group>";
		};
/* End PBXGroup section */

/* Begin PBXNativeTarget section */
		EAA9FE812375BBB700ABA8AE /* Bike Buddy */ = {
			isa = PBXNativeTarget;
			buildConfigurationList = EAA9FE942375BBB900ABA8AE /* Build configuration list for PBXNativeTarget "Bike Buddy" */;
			buildPhases = (
				EAA9FE7E2375BBB700ABA8AE /* Sources */,
				EAA9FE7F2375BBB700ABA8AE /* Frameworks */,
				EAA9FE802375BBB700ABA8AE /* Resources */,
			);
			buildRules = (
			);
			dependencies = (
			);
			name = "Bike Buddy";
			productName = "Bike Buddy";
			productReference = EAA9FE822375BBB700ABA8AE /* Bike Buddy.app */;
			productType = "com.apple.product-type.application";
		};
/* End PBXNativeTarget section */

/* Begin PBXProject section */
		EAA9FE7A2375BBB700ABA8AE /* Project object */ = {
			isa = PBXProject;
			attributes = {
				LastSwiftUpdateCheck = 1010;
				LastUpgradeCheck = 1010;
				ORGANIZATIONNAME = "Narendra Dama";
				TargetAttributes = {
					EAA9FE812375BBB700ABA8AE = {
						CreatedOnToolsVersion = 10.1;
					};
				};
			};
			buildConfigurationList = EAA9FE7D2375BBB700ABA8AE /* Build configuration list for PBXProject "Bike Buddy" */;
			compatibilityVersion = "Xcode 9.3";
			developmentRegion = en;
			hasScannedForEncodings = 0;
			knownRegions = (
				en,
				Base,
			);
			mainGroup = EAA9FE792375BBB700ABA8AE;
			productRefGroup = EAA9FE832375BBB700ABA8AE /* Products */;
			projectDirPath = "";
			projectRoot = "";
			targets = (
				EAA9FE812375BBB700ABA8AE /* Bike Buddy */,
			);
		};
/* End PBXProject section */

/* Begin PBXResourcesBuildPhase section */
		EAA9FE802375BBB700ABA8AE /* Resources */ = {
			isa = PBXResourcesBuildPhase;
			buildActionMask = 2147483647;
			files = (
				EAA9FE902375BBB900ABA8AE /* LaunchScreen.storyboard in Resources */,
				EAA9FE8B2375BBB700ABA8AE /* Main.storyboard in Resources */,
				EAF806E223761EC800BE4507 /* GoButton.png in Resources */,
			);
			runOnlyForDeploymentPostprocessing = 0;
		};
/* End PBXResourcesBuildPhase section */

/* Begin PBXSourcesBuildPhase section */
		EAA9FE7E2375BBB700ABA8AE /* Sources */ = {
			isa = PBXSourcesBuildPhase;
			buildActionMask = 2147483647;
			files = (
				EAF806DF2376028600BE4507 /* getData.swift in Sources */,
				EAF806DC2375F3B700BE4507 /* Artwork.swift in Sources */,
				EAA9FE882375BBB700ABA8AE /* ViewController.swift in Sources */,
				EAA9FE992375C82700ABA8AE /* Networks.swift in Sources */,
				EADA82172375E42F0028093B /* Network.swift in Sources */,
				EAA9FE862375BBB700ABA8AE /* AppDelegate.swift in Sources */,
			);
			runOnlyForDeploymentPostprocessing = 0;
		};
/* End PBXSourcesBuildPhase section */

/* Begin PBXVariantGroup section */
		EAA9FE892375BBB700ABA8AE /* Main.storyboard */ = {
			isa = PBXVariantGroup;
			children = (
				EAA9FE8A2375BBB700ABA8AE /* Base */,
			);
			name = Main.storyboard;
			sourceTree = "<group>";
		};
		EAA9FE8E2375BBB900ABA8AE /* LaunchScreen.storyboard */ = {
			isa = PBXVariantGroup;
			children = (
				EAA9FE8F2375BBB900ABA8AE /* Base */,
			);
			name = LaunchScreen.storyboard;
			sourceTree = "<group>";
		};
/* End PBXVariantGroup section */

/* Begin XCBuildConfiguration section */
		EAA9FE922375BBB900ABA8AE /* Debug */ = {
			isa = XCBuildConfiguration;
			buildSettings = {
				ALWAYS_SEARCH_USER_PATHS = NO;
				CLANG_ANALYZER_NONNULL = YES;
				CLANG_ANALYZER_NUMBER_OBJECT_CONVERSION = YES_AGGRESSIVE;
				CLANG_CXX_LANGUAGE_STANDARD = "gnu++14";
				CLANG_CXX_LIBRARY = "libc++";
				CLANG_ENABLE_MODULES = YES;
				CLANG_ENABLE_OBJC_ARC = YES;
				CLANG_ENABLE_OBJC_WEAK = YES;
				CLANG_WARN_BLOCK_CAPTURE_AUTORELEASING = YES;
				CLANG_WARN_BOOL_CONVERSION = YES;
				CLANG_WARN_COMMA = YES;
				CLANG_WARN_CONSTANT_CONVERSION = YES;
				CLANG_WARN_DEPRECATED_OBJC_IMPLEMENTATIONS = YES;
				CLANG_WARN_DIRECT_OBJC_ISA_USAGE = YES_ERROR;
				CLANG_WARN_DOCUMENTATION_COMMENTS = YES;
				CLANG_WARN_EMPTY_BODY = YES;
				CLANG_WARN_ENUM_CONVERSION = YES;
				CLANG_WARN_INFINITE_RECURSION = YES;
				CLANG_WARN_INT_CONVERSION = YES;
				CLANG_WARN_NON_LITERAL_NULL_CONVERSION = YES;
				CLANG_WARN_OBJC_IMPLICIT_RETAIN_SELF = YES;
				CLANG_WARN_OBJC_LITERAL_CONVERSION = YES;
				CLANG_WARN_OBJC_ROOT_CLASS = YES_ERROR;
				CLANG_WARN_RANGE_LOOP_ANALYSIS = YES;
				CLANG_WARN_STRICT_PROTOTYPES = YES;
				CLANG_WARN_SUSPICIOUS_MOVE = YES;
				CLANG_WARN_UNGUARDED_AVAILABILITY = YES_AGGRESSIVE;
				CLANG_WARN_UNREACHABLE_CODE = YES;
				CLANG_WARN__DUPLICATE_METHOD_MATCH = YES;
				CODE_SIGN_IDENTITY = "iPhone Developer";
				COPY_PHASE_STRIP = NO;
				DEBUG_INFORMATION_FORMAT = dwarf;
				ENABLE_STRICT_OBJC_MSGSEND = YES;
				ENABLE_TESTABILITY = YES;
				GCC_C_LANGUAGE_STANDARD = gnu11;
				GCC_DYNAMIC_NO_PIC = NO;
				GCC_NO_COMMON_BLOCKS = YES;
				GCC_OPTIMIZATION_LEVEL = 0;
				GCC_PREPROCESSOR_DEFINITIONS = (
					"DEBUG=1",
					"$(inherited)",
				);
				GCC_WARN_64_TO_32_BIT_CONVERSION = YES;
				GCC_WARN_ABOUT_RETURN_TYPE = YES_ERROR;
				GCC_WARN_UNDECLARED_SELECTOR = YES;
				GCC_WARN_UNINITIALIZED_AUTOS = YES_AGGRESSIVE;
				GCC_WARN_UNUSED_FUNCTION = YES;
				GCC_WARN_UNUSED_VARIABLE = YES;
				IPHONEOS_DEPLOYMENT_TARGET = 12.1;
				MTL_ENABLE_DEBUG_INFO = INCLUDE_SOURCE;
				MTL_FAST_MATH = YES;
				ONLY_ACTIVE_ARCH = YES;
				SDKROOT = iphoneos;
				SWIFT_ACTIVE_COMPILATION_CONDITIONS = DEBUG;
				SWIFT_OPTIMIZATION_LEVEL = "-Onone";
			};
			name = Debug;
		};
		EAA9FE932375BBB900ABA8AE /* Release */ = {
			isa = XCBuildConfiguration;
			buildSettings = {
				ALWAYS_SEARCH_USER_PATHS = NO;
				CLANG_ANALYZER_NONNULL = YES;
				CLANG_ANALYZER_NUMBER_OBJECT_CONVERSION = YES_AGGRESSIVE;
				CLANG_CXX_LANGUAGE_STANDARD = "gnu++14";
				CLANG_CXX_LIBRARY = "libc++";
				CLANG_ENABLE_MODULES = YES;
				CLANG_ENABLE_OBJC_ARC = YES;
				CLANG_ENABLE_OBJC_WEAK = YES;
				CLANG_WARN_BLOCK_CAPTURE_AUTORELEASING = YES;
				CLANG_WARN_BOOL_CONVERSION = YES;
				CLANG_WARN_COMMA = YES;
				CLANG_WARN_CONSTANT_CONVERSION = YES;
				CLANG_WARN_DEPRECATED_OBJC_IMPLEMENTATIONS = YES;
				CLANG_WARN_DIRECT_OBJC_ISA_USAGE = YES_ERROR;
				CLANG_WARN_DOCUMENTATION_COMMENTS = YES;
				CLANG_WARN_EMPTY_BODY = YES;
				CLANG_WARN_ENUM_CONVERSION = YES;
				CLANG_WARN_INFINITE_RECURSION = YES;
				CLANG_WARN_INT_CONVERSION = YES;
				CLANG_WARN_NON_LITERAL_NULL_CONVERSION = YES;
				CLANG_WARN_OBJC_IMPLICIT_RETAIN_SELF = YES;
				CLANG_WARN_OBJC_LITERAL_CONVERSION = YES;
				CLANG_WARN_OBJC_ROOT_CLASS = YES_ERROR;
				CLANG_WARN_RANGE_LOOP_ANALYSIS = YES;
				CLANG_WARN_STRICT_PROTOTYPES = YES;
				CLANG_WARN_SUSPICIOUS_MOVE = YES;
				CLANG_WARN_UNGUARDED_AVAILABILITY = YES_AGGRESSIVE;
				CLANG_WARN_UNREACHABLE_CODE = YES;
				CLANG_WARN__DUPLICATE_METHOD_MATCH = YES;
				CODE_SIGN_IDENTITY = "iPhone Developer";
				COPY_PHASE_STRIP = NO;
				DEBUG_INFORMATION_FORMAT = "dwarf-with-dsym";
				ENABLE_NS_ASSERTIONS = NO;
				ENABLE_STRICT_OBJC_MSGSEND = YES;
				GCC_C_LANGUAGE_STANDARD = gnu11;
				GCC_NO_COMMON_BLOCKS = YES;
				GCC_WARN_64_TO_32_BIT_CONVERSION = YES;
				GCC_WARN_ABOUT_RETURN_TYPE = YES_ERROR;
				GCC_WARN_UNDECLARED_SELECTOR = YES;
				GCC_WARN_UNINITIALIZED_AUTOS = YES_AGGRESSIVE;
				GCC_WARN_UNUSED_FUNCTION = YES;
				GCC_WARN_UNUSED_VARIABLE = YES;
				IPHONEOS_DEPLOYMENT_TARGET = 12.1;
				MTL_ENABLE_DEBUG_INFO = NO;
				MTL_FAST_MATH = YES;
				SDKROOT = iphoneos;
				SWIFT_COMPILATION_MODE = wholemodule;
				SWIFT_OPTIMIZATION_LEVEL = "-O";
				VALIDATE_PRODUCT = YES;
			};
			name = Release;
		};
		EAA9FE952375BBB900ABA8AE /* Debug */ = {
			isa = XCBuildConfiguration;
			buildSettings = {
				ASSETCATALOG_COMPILER_APPICON_NAME = AppIcon;
				CODE_SIGN_STYLE = Automatic;
				DEVELOPMENT_TEAM = 68BT7K2F6V;
				INFOPLIST_FILE = "Bike Buddy/Info.plist";
				LD_RUNPATH_SEARCH_PATHS = (
					"$(inherited)",
					"@executable_path/Frameworks",
				);
				PRODUCT_BUNDLE_IDENTIFIER = "com.narendra.dama.Bike-Buddy";
				PRODUCT_NAME = "$(TARGET_NAME)";
				SWIFT_VERSION = 4.2;
				TARGETED_DEVICE_FAMILY = "1,2";
			};
			name = Debug;
		};
		EAA9FE962375BBB900ABA8AE /* Release */ = {
			isa = XCBuildConfiguration;
			buildSettings = {
				ASSETCATALOG_COMPILER_APPICON_NAME = AppIcon;
				CODE_SIGN_STYLE = Automatic;
				DEVELOPMENT_TEAM = 68BT7K2F6V;
				INFOPLIST_FILE = "Bike Buddy/Info.plist";
				LD_RUNPATH_SEARCH_PATHS = (
					"$(inherited)",
					"@executable_path/Frameworks",
				);
				PRODUCT_BUNDLE_IDENTIFIER = "com.narendra.dama.Bike-Buddy";
				PRODUCT_NAME = "$(TARGET_NAME)";
				SWIFT_VERSION = 4.2;
				TARGETED_DEVICE_FAMILY = "1,2";
			};
			name = Release;
		};
/* End XCBuildConfiguration section */

/* Begin XCConfigurationList section */
		EAA9FE7D2375BBB700ABA8AE /* Build configuration list for PBXProject "Bike Buddy" */ = {
			isa = XCConfigurationList;
			buildConfigurations = (
				EAA9FE922375BBB900ABA8AE /* Debug */,
				EAA9FE932375BBB900ABA8AE /* Release */,
			);
			defaultConfigurationIsVisible = 0;
			defaultConfigurationName = Release;
		};
		EAA9FE942375BBB900ABA8AE /* Build configuration list for PBXNativeTarget "Bike Buddy" */ = {
			isa = XCConfigurationList;
			buildConfigurations = (
				EAA9FE952375BBB900ABA8AE /* Debug */,
				EAA9FE962375BBB900ABA8AE /* Release */,
			);
			defaultConfigurationIsVisible = 0;
			defaultConfigurationName = Release;
		};
/* End XCConfigurationList section */
	};
	rootObject = EAA9FE7A2375BBB700ABA8AE /* Project object */;
}
